{
  "name": "funclib",
  "version": "1.0.2",
  "lockfileVersion": 1,
  "requires": true,
  "dependencies": {
    "funclib": {
      "version": "file:funclib",
      "dev": true
    },
    "jquery": {
      "version": "3.3.1",
      "resolved": "https://registry.npmjs.org/jquery/-/jquery-3.3.1.tgz",
      "integrity": "sha512-Ubldcmxp5np52/ENotGxlLe6aGMvmF4R8S6tZjsP6Knsaxd/xp3Zrh50cG93lR6nPXyUFwzN3ZSOQI0wRJNdGg=="
    },
    "progress": {
      "version": "2.0.0",
      "resolved": "https://registry.npmjs.org/progress/-/progress-2.0.0.tgz",
      "integrity": "sha1-ihvjZr+Pwj2yvSPxDG/pILQ4nR8=",
      "dev": true
    },
    "typescript": {
      "version": "2.8.3",
      "resolved": "https://registry.npmjs.org/typescript/-/typescript-2.8.3.tgz",
      "integrity": "sha512-K7g15Bb6Ra4lKf7Iq2l/I5/En+hLIHmxWZGq3D4DIRNFxMNV6j2SHSvDOqs2tGd4UvD/fJvrwopzQXjLrT7Itw==",
      "dev": true
    }
  }
}
